
Microsoft Visual Studio Solution File, Format Version 12.00
# Visual Studio Version 16
VisualStudioVersion = 16.0.31829.152
MinimumVisualStudioVersion = 10.0.40219.1
Project("{FAE04EC0-301F-11D3-BF4B-00C04F79EFBC}") = "CollectionViewDisposal.UWP", "CollectionViewDisposal.UWP\CollectionViewDisposal.UWP.csproj", "{9CC6BC87-B6A7-4A85-A231-C8E22F3FBF40}"
EndProject
Project("{FAE04EC0-301F-11D3-BF4B-00C04F79EFBC}") = "CollectionViewDisposal.Android", "CollectionViewDisposal.Android\CollectionViewDisposal.Android.csproj", "{3998CA55-6957-4A12-9FD9-3665EBC989B3}"
EndProject
Project("{FAE04EC0-301F-11D3-BF4B-00C04F79EFBC}") = "CollectionViewDisposal.iOS", "CollectionViewDisposal.iOS\CollectionViewDisposal.iOS.csproj", "{F372BBF5-7DCE-4A2B-AD56-657202C75872}"
EndProject
Project("{9A19103F-16F7-4668-BE54-9A1E7A4F7556}") = "CollectionViewDisposal", "CollectionViewDisposal\CollectionViewDisposal.csproj", "{B6E6F574-F19D-4DEB-B253-A0047E48AA4B}"
EndProject
Project("{2150E333-8FDC-42A3-9474-1A3956D46DE8}") = "Solution Items", "Solution Items", "{5025ED7B-3F0C-4FB5-9654-F0D18D397692}"
	ProjectSection(SolutionItems) = preProject
		README.md = README.md
	EndProjectSection
EndProject
Global
	GlobalSection(SolutionConfigurationPlatforms) = preSolution
		Debug|Any CPU = Debug|Any CPU
		Debug|ARM = Debug|ARM
		Debug|iPhone = Debug|iPhone
		Debug|iPhoneSimulator = Debug|iPhoneSimulator
		Debug|x64 = Debug|x64
		Debug|x86 = Debug|x86
		Release|Any CPU = Release|Any CPU
		Release|ARM = Release|ARM
		Release|iPhone = Release|iPhone
		Release|iPhoneSimulator = Release|iPhoneSimulator
		Release|x64 = Release|x64
		Release|x86 = Release|x86
	EndGlobalSection
	GlobalSection(ProjectConfigurationPlatforms) = postSolution
		{9CC6BC87-B6A7-4A85-A231-C8E22F3FBF40}.Debug|Any CPU.ActiveCfg = Debug|x86
		{9CC6BC87-B6A7-4A85-A231-C8E22F3FBF40}.Debug|Any CPU.Build.0 = Debug|x86
		{9CC6BC87-B6A7-4A85-A231-C8E22F3FBF40}.Debug|Any CPU.Deploy.0 = Debug|x86
		{9CC6BC87-B6A7-4A85-A231-C8E22F3FBF40}.Debug|ARM.ActiveCfg = Debug|ARM
		{9CC6BC87-B6A7-4A85-A231-C8E22F3FBF40}.Debug|ARM.Build.0 = Debug|ARM
		{9CC6BC87-B6A7-4A85-A231-C8E22F3FBF40}.Debug|ARM.Deploy.0 = Debug|ARM
		{9CC6BC87-B6A7-4A85-A231-C8E22F3FBF40}.Debug|iPhone.ActiveCfg = Debug|x86
		{9CC6BC87-B6A7-4A85-A231-C8E22F3FBF40}.Debug|iPhone.Build.0 = Debug|x86
		{9CC6BC87-B6A7-4A85-A231-C8E22F3FBF40}.Debug|iPhone.Deploy.0 = Debug|x86
		{9CC6BC87-B6A7-4A85-A231-C8E22F3FBF40}.Debug|iPhoneSimulator.ActiveCfg = Debug|x86
		{9CC6BC87-B6A7-4A85-A231-C8E22F3FBF40}.Debug|iPhoneSimulator.Build.0 = Debug|x86
		{9CC6BC87-B6A7-4A85-A231-C8E22F3FBF40}.Debug|iPhoneSimulator.Deploy.0 = Debug|x86
		{9CC6BC87-B6A7-4A85-A231-C8E22F3FBF40}.Debug|x64.ActiveCfg = Debug|x64
		{9CC6BC87-B6A7-4A85-A231-C8E22F3FBF40}.Debug|x64.Build.0 = Debug|x64
		{9CC6BC87-B6A7-4A85-A231-C8E22F3FBF40}.Debug|x64.Deploy.0 = Debug|x64
		{9CC6BC87-B6A7-4A85-A231-C8E22F3FBF40}.Debug|x86.ActiveCfg = Debug|x86
		{9CC6BC87-B6A7-4A85-A231-C8E22F3FBF40}.Debug|x86.Build.0 = Debug|x86
		{9CC6BC87-B6A7-4A85-A231-C8E22F3FBF40}.Debug|x86.Deploy.0 = Debug|x86
		{9CC6BC87-B6A7-4A85-A231-C8E22F3FBF40}.Release|Any CPU.ActiveCfg = Release|x86
		{9CC6BC87-B6A7-4A85-A231-C8E22F3FBF40}.Release|Any CPU.Build.0 = Release|x86
		{9CC6BC87-B6A7-4A85-A231-C8E22F3FBF40}.Release|Any CPU.Deploy.0 = Release|x86
		{9CC6BC87-B6A7-4A85-A231-C8E22F3FBF40}.Release|ARM.ActiveCfg = Release|ARM
		{9CC6BC87-B6A7-4A85-A231-C8E22F3FBF40}.Release|ARM.Build.0 = Release|ARM
		{9CC6BC87-B6A7-4A85-A231-C8E22F3FBF40}.Release|ARM.Deploy.0 = Release|ARM
		{9CC6BC87-B6A7-4A85-A231-C8E22F3FBF40}.Release|iPhone.ActiveCfg = Release|x86
		{9CC6BC87-B6A7-4A85-A231-C8E22F3FBF40}.Release|iPhone.Build.0 = Release|x86
		{9CC6BC87-B6A7-4A85-A231-C8E22F3FBF40}.Release|iPhone.Deploy.0 = Release|x86
		{9CC6BC87-B6A7-4A85-A231-C8E22F3FBF40}.Release|iPhoneSimulator.ActiveCfg = Release|x86
		{9CC6BC87-B6A7-4A85-A231-C8E22F3FBF40}.Release|iPhoneSimulator.Build.0 = Release|x86
		{9CC6BC87-B6A7-4A85-A231-C8E22F3FBF40}.Release|iPhoneSimulator.Deploy.0 = Release|x86
		{9CC6BC87-B6A7-4A85-A231-C8E22F3FBF40}.Release|x64.ActiveCfg = Release|x64
		{9CC6BC87-B6A7-4A85-A231-C8E22F3FBF40}.Release|x64.Build.0 = Release|x64
		{9CC6BC87-B6A7-4A85-A231-C8E22F3FBF40}.Release|x64.Deploy.0 = Release|x64
		{9CC6BC87-B6A7-4A85-A231-C8E22F3FBF40}.Release|x86.ActiveCfg = Release|x86
		{9CC6BC87-B6A7-4A85-A231-C8E22F3FBF40}.Release|x86.Build.0 = Release|x86
		{9CC6BC87-B6A7-4A85-A231-C8E22F3FBF40}.Release|x86.Deploy.0 = Release|x86
		{3998CA55-6957-4A12-9FD9-3665EBC989B3}.Debug|Any CPU.ActiveCfg = Debug|Any CPU
		{3998CA55-6957-4A12-9FD9-3665EBC989B3}.Debug|Any CPU.Build.0 = Debug|Any CPU
		{3998CA55-6957-4A12-9FD9-3665EBC989B3}.Debug|Any CPU.Deploy.0 = Debug|Any CPU
		{3998CA55-6957-4A12-9FD9-3665EBC989B3}.Debug|ARM.ActiveCfg = Debug|Any CPU
		{3998CA55-6957-4A12-9FD9-3665EBC989B3}.Debug|ARM.Build.0 = Debug|Any CPU
		{3998CA55-6957-4A12-9FD9-3665EBC989B3}.Debug|ARM.Deploy.0 = Debug|Any CPU
		{3998CA55-6957-4A12-9FD9-3665EBC989B3}.Debug|iPhone.ActiveCfg = Debug|Any CPU
		{3998CA55-6957-4A12-9FD9-3665EBC989B3}.Debug|iPhone.Build.0 = Debug|Any CPU
		{3998CA55-6957-4A12-9FD9-3665EBC989B3}.Debug|iPhone.Deploy.0 = Debug|Any CPU
		{3998CA55-6957-4A12-9FD9-3665EBC989B3}.Debug|iPhoneSimulator.ActiveCfg = Debug|Any CPU
		{3998CA55-6957-4A12-9FD9-3665EBC989B3}.Debug|iPhoneSimulator.Build.0 = Debug|Any CPU
		{3998CA55-6957-4A12-9FD9-3665EBC989B3}.Debug|iPhoneSimulator.Deploy.0 = Debug|Any CPU
		{3998CA55-6957-4A12-9FD9-3665EBC989B3}.Debug|x64.ActiveCfg = Debug|Any CPU
		{3998CA55-6957-4A12-9FD9-3665EBC989B3}.Debug|x64.Build.0 = Debug|Any CPU
		{3998CA55-6957-4A12-9FD9-3665EBC989B3}.Debug|x64.Deploy.0 = Debug|Any CPU
		{3998CA55-6957-4A12-9FD9-3665EBC989B3}.Debug|x86.ActiveCfg = Debug|Any CPU
		{3998CA55-6957-4A12-9FD9-3665EBC989B3}.Debug|x86.Build.0 = Debug|Any CPU
		{3998CA55-6957-4A12-9FD9-3665EBC989B3}.Debug|x86.Deploy.0 = Debug|Any CPU
		{3998CA55-6957-4A12-9FD9-3665EBC989B3}.Release|Any CPU.ActiveCfg = Release|Any CPU
		{3998CA55-6957-4A12-9FD9-3665EBC989B3}.Release|Any CPU.Build.0 = Release|Any CPU
		{3998CA55-6957-4A12-9FD9-3665EBC989B3}.Release|Any CPU.Deploy.0 = Release|Any CPU
		{3998CA55-6957-4A12-9FD9-3665EBC989B3}.Release|ARM.ActiveCfg = Release|Any CPU
		{3998CA55-6957-4A12-9FD9-3665EBC989B3}.Release|ARM.Build.0 = Release|Any CPU
		{3998CA55-6957-4A12-9FD9-3665EBC989B3}.Release|ARM.Deploy.0 = Release|Any CPU
		{3998CA55-6957-4A12-9FD9-3665EBC989B3}.Release|iPhone.ActiveCfg = Release|Any CPU
		{3998CA55-6957-4A12-9FD9-3665EBC989B3}.Release|iPhone.Build.0 = Release|Any CPU
		{3998CA55-6957-4A12-9FD9-3665EBC989B3}.Release|iPhone.Deploy.0 = Release|Any CPU
		{3998CA55-6957-4A12-9FD9-3665EBC989B3}.Release|iPhoneSimulator.ActiveCfg = Release|Any CPU
		{3998CA55-6957-4A12-9FD9-3665EBC989B3}.Release|iPhoneSimulator.Build.0 = Release|Any CPU
		{3998CA55-6957-4A12-9FD9-3665EBC989B3}.Release|iPhoneSimulator.Deploy.0 = Release|Any CPU
		{3998CA55-6957-4A12-9FD9-3665EBC989B3}.Release|x64.ActiveCfg = Release|Any CPU
		{3998CA55-6957-4A12-9FD9-3665EBC989B3}.Release|x64.Build.0 = Release|Any CPU
		{3998CA55-6957-4A12-9FD9-3665EBC989B3}.Release|x64.Deploy.0 = Release|Any CPU
		{3998CA55-6957-4A12-9FD9-3665EBC989B3}.Release|x86.ActiveCfg = Release|Any CPU
		{3998CA55-6957-4A12-9FD9-3665EBC989B3}.Release|x86.Build.0 = Release|Any CPU
		{3998CA55-6957-4A12-9FD9-3665EBC989B3}.Release|x86.Deploy.0 = Release|Any CPU
		{F372BBF5-7DCE-4A2B-AD56-657202C75872}.Debug|Any CPU.ActiveCfg = Debug|iPhoneSimulator
		{F372BBF5-7DCE-4A2B-AD56-657202C75872}.Debug|Any CPU.Build.0 = Debug|iPhoneSimulator
		{F372BBF5-7DCE-4A2B-AD56-657202C75872}.Debug|Any CPU.Deploy.0 = Debug|iPhoneSimulator
		{F372BBF5-7DCE-4A2B-AD56-657202C75872}.Debug|ARM.ActiveCfg = Debug|iPhone
		{F372BBF5-7DCE-4A2B-AD56-657202C75872}.Debug|ARM.Build.0 = Debug|iPhone
		{F372BBF5-7DCE-4A2B-AD56-657202C75872}.Debug|ARM.Deploy.0 = Debug|iPhone
		{F372BBF5-7DCE-4A2B-AD56-657202C75872}.Debug|iPhone.ActiveCfg = Debug|iPhone
		{F372BBF5-7DCE-4A2B-AD56-657202C75872}.Debug|iPhone.Build.0 = Debug|iPhone
		{F372BBF5-7DCE-4A2B-AD56-657202C75872}.Debug|iPhone.Deploy.0 = Debug|iPhone
		{F372BBF5-7DCE-4A2B-AD56-657202C75872}.Debug|iPhoneSimulator.ActiveCfg = Debug|iPhoneSimulator
		{F372BBF5-7DCE-4A2B-AD56-657202C75872}.Debug|iPhoneSimulator.Build.0 = Debug|iPhoneSimulator
		{F372BBF5-7DCE-4A2B-AD56-657202C75872}.Debug|iPhoneSimulator.Deploy.0 = Debug|iPhoneSimulator
		{F372BBF5-7DCE-4A2B-AD56-657202C75872}.Debug|x64.ActiveCfg = Debug|iPhoneSimulator
		{F372BBF5-7DCE-4A2B-AD56-657202C75872}.Debug|x64.Build.0 = Debug|iPhoneSimulator
		{F372BBF5-7DCE-4A2B-AD56-657202C75872}.Debug|x64.Deploy.0 = Debug|iPhoneSimulator
		{F372BBF5-7DCE-4A2B-AD56-657202C75872}.Debug|x86.ActiveCfg = Debug|iPhoneSimulator
		{F372BBF5-7DCE-4A2B-AD56-657202C75872}.Debug|x86.Build.0 = Debug|iPhoneSimulator
		{F372BBF5-7DCE-4A2B-AD56-657202C75872}.Debug|x86.Deploy.0 = Debug|iPhoneSimulator
		{F372BBF5-7DCE-4A2B-AD56-657202C75872}.Release|Any CPU.ActiveCfg = Release|iPhoneSimulator
		{F372BBF5-7DCE-4A2B-AD56-657202C75872}.Release|Any CPU.Build.0 = Release|iPhoneSimulator
		{F372BBF5-7DCE-4A2B-AD56-657202C75872}.Release|Any CPU.Deploy.0 = Release|iPhoneSimulator
		{F372BBF5-7DCE-4A2B-AD56-657202C75872}.Release|ARM.ActiveCfg = Release|iPhoneSimulator
		{F372BBF5-7DCE-4A2B-AD56-657202C75872}.Release|ARM.Build.0 = Release|iPhoneSimulator
		{F372BBF5-7DCE-4A2B-AD56-657202C75872}.Release|ARM.Deploy.0 = Release|iPhoneSimulator
		{F372BBF5-7DCE-4A2B-AD56-657202C75872}.Release|iPhone.ActiveCfg = Release|iPhone
		{F372BBF5-7DCE-4A2B-AD56-657202C75872}.Release|iPhone.Build.0 = Release|iPhone
		{F372BBF5-7DCE-4A2B-AD56-657202C75872}.Release|iPhone.Deploy.0 = Release|iPhone
		{F372BBF5-7DCE-4A2B-AD56-657202C75872}.Release|iPhoneSimulator.ActiveCfg = Release|iPhoneSimulator
		{F372BBF5-7DCE-4A2B-AD56-657202C75872}.Release|iPhoneSimulator.Build.0 = Release|iPhoneSimulator
		{F372BBF5-7DCE-4A2B-AD56-657202C75872}.Release|iPhoneSimulator.Deploy.0 = Release|iPhoneSimulator
		{F372BBF5-7DCE-4A2B-AD56-657202C75872}.Release|x64.ActiveCfg = Release|iPhoneSimulator
		{F372BBF5-7DCE-4A2B-AD56-657202C75872}.Release|x64.Build.0 = Release|iPhoneSimulator
		{F372BBF5-7DCE-4A2B-AD56-657202C75872}.Release|x64.Deploy.0 = Release|iPhoneSimulator
		{F372BBF5-7DCE-4A2B-AD56-657202C75872}.Release|x86.ActiveCfg = Release|iPhoneSimulator
		{F372BBF5-7DCE-4A2B-AD56-657202C75872}.Release|x86.Build.0 = Release|iPhoneSimulator
		{F372BBF5-7DCE-4A2B-AD56-657202C75872}.Release|x86.Deploy.0 = Release|iPhoneSimulator
		{B6E6F574-F19D-4DEB-B253-A0047E48AA4B}.Debug|Any CPU.ActiveCfg = Debug|Any CPU
		{B6E6F574-F19D-4DEB-B253-A0047E48AA4B}.Debug|Any CPU.Build.0 = Debug|Any CPU
		{B6E6F574-F19D-4DEB-B253-A0047E48AA4B}.Debug|Any CPU.Deploy.0 = Debug|Any CPU
		{B6E6F574-F19D-4DEB-B253-A0047E48AA4B}.Debug|ARM.ActiveCfg = Debug|Any CPU
		{B6E6F574-F19D-4DEB-B253-A0047E48AA4B}.Debug|ARM.Build.0 = Debug|Any CPU
		{B6E6F574-F19D-4DEB-B253-A0047E48AA4B}.Debug|ARM.Deploy.0 = Debug|Any CPU
		{B6E6F574-F19D-4DEB-B253-A0047E48AA4B}.Debug|iPhone.ActiveCfg = Debug|Any CPU
		{B6E6F574-F19D-4DEB-B253-A0047E48AA4B}.Debug|iPhone.Build.0 = Debug|Any CPU
		{B6E6F574-F19D-4DEB-B253-A0047E48AA4B}.Debug|iPhone.Deploy.0 = Debug|Any CPU
		{B6E6F574-F19D-4DEB-B253-A0047E48AA4B}.Debug|iPhoneSimulator.ActiveCfg = Debug|Any CPU
		{B6E6F574-F19D-4DEB-B253-A0047E48AA4B}.Debug|iPhoneSimulator.Build.0 = Debug|Any CPU
		{B6E6F574-F19D-4DEB-B253-A0047E48AA4B}.Debug|iPhoneSimulator.Deploy.0 = Debug|Any CPU
		{B6E6F574-F19D-4DEB-B253-A0047E48AA4B}.Debug|x64.ActiveCfg = Debug|Any CPU
		{B6E6F574-F19D-4DEB-B253-A0047E48AA4B}.Debug|x64.Build.0 = Debug|Any CPU
		{B6E6F574-F19D-4DEB-B253-A0047E48AA4B}.Debug|x64.Deploy.0 = Debug|Any CPU
		{B6E6F574-F19D-4DEB-B253-A0047E48AA4B}.Debug|x86.ActiveCfg = Debug|Any CPU
		{B6E6F574-F19D-4DEB-B253-A0047E48AA4B}.Debug|x86.Build.0 = Debug|Any CPU
		{B6E6F574-F19D-4DEB-B253-A0047E48AA4B}.Debug|x86.Deploy.0 = Debug|Any CPU
		{B6E6F574-F19D-4DEB-B253-A0047E48AA4B}.Release|Any CPU.ActiveCfg = Release|Any CPU
		{B6E6F574-F19D-4DEB-B253-A0047E48AA4B}.Release|Any CPU.Build.0 = Release|Any CPU
		{B6E6F574-F19D-4DEB-B253-A0047E48AA4B}.Release|Any CPU.Deploy.0 = Release|Any CPU
		{B6E6F574-F19D-4DEB-B253-A0047E48AA4B}.Release|ARM.ActiveCfg = Release|Any CPU
		{B6E6F574-F19D-4DEB-B253-A0047E48AA4B}.Release|ARM.Build.0 = Release|Any CPU
		{B6E6F574-F19D-4DEB-B253-A0047E48AA4B}.Release|ARM.Deploy.0 = Release|Any CPU
		{B6E6F574-F19D-4DEB-B253-A0047E48AA4B}.Release|iPhone.ActiveCfg = Release|Any CPU
		{B6E6F574-F19D-4DEB-B253-A0047E48AA4B}.Release|iPhone.Build.0 = Release|Any CPU
		{B6E6F574-F19D-4DEB-B253-A0047E48AA4B}.Release|iPhone.Deploy.0 = Release|Any CPU
		{B6E6F574-F19D-4DEB-B253-A0047E48AA4B}.Release|iPhoneSimulator.ActiveCfg = Release|Any CPU
		{B6E6F574-F19D-4DEB-B253-A0047E48AA4B}.Release|iPhoneSimulator.Build.0 = Release|Any CPU
		{B6E6F574-F19D-4DEB-B253-A0047E48AA4B}.Release|iPhoneSimulator.Deploy.0 = Release|Any CPU
		{B6E6F574-F19D-4DEB-B253-A0047E48AA4B}.Release|x64.ActiveCfg = Release|Any CPU
		{B6E6F574-F19D-4DEB-B253-A0047E48AA4B}.Release|x64.Build.0 = Release|Any CPU
		{B6E6F574-F19D-4DEB-B253-A0047E48AA4B}.Release|x64.Deploy.0 = Release|Any CPU
		{B6E6F574-F19D-4DEB-B253-A0047E48AA4B}.Release|x86.ActiveCfg = Release|Any CPU
		{B6E6F574-F19D-4DEB-B253-A0047E48AA4B}.Release|x86.Build.0 = Release|Any CPU
		{B6E6F574-F19D-4DEB-B253-A0047E48AA4B}.Release|x86.Deploy.0 = Release|Any CPU
	EndGlobalSection
	GlobalSection(SolutionProperties) = preSolution
		HideSolutionNode = FALSE
	EndGlobalSection
	GlobalSection(ExtensibilityGlobals) = postSolution
		SolutionGuid = {83140548-E2EB-41CE-B7F5-C3BFEAC0176D}
	EndGlobalSection
EndGlobal
